
Microsoft Visual Studio Solution File, Format Version 12.00
# Visual Studio Version 17
VisualStudioVersion = 17.5.002.0
MinimumVisualStudioVersion = 10.0.40219.1
Project("{9A19103F-16F7-4668-BE54-9A1E7A4F7556}") = "Interfaces", "Interfaces.csproj", "{DC0576E4-5368-43BF-BED0-A2CB27D5A186}"
EndProject
Global
	GlobalSection(SolutionConfigurationPlatforms) = preSolution
		Debug|Any CPU = Debug|Any CPU
		Release|Any CPU = Release|Any CPU
	EndGlobalSection
	GlobalSection(ProjectConfigurationPlatforms) = postSolution
		{DC0576E4-5368-43BF-BED0-A2CB27D5A186}.Debug|Any CPU.ActiveCfg = Debug|Any CPU
		{DC0576E4-5368-43BF-BED0-A2CB27D5A186}.Debug|Any CPU.Build.0 = Debug|Any CPU
		{DC0576E4-5368-43BF-BED0-A2CB27D5A186}.Release|Any CPU.ActiveCfg = Release|Any CPU
		{DC0576E4-5368-43BF-BED0-A2CB27D5A186}.Release|Any CPU.Build.0 = Release|Any CPU
	EndGlobalSection
	GlobalSection(SolutionProperties) = preSolution
		HideSolutionNode = FALSE
	EndGlobalSection
	GlobalSection(ExtensibilityGlobals) = postSolution
		SolutionGuid = {A9CA5362-FB76-485D-B524-D616C431430B}
	EndGlobalSection
EndGlobal
